// !$*UTF8*$!
{
	archiveVersion = 1;
	classes = {
	};
	objectVersion = 50;
	objects = {

/* Begin PBXBuildFile section */
		1C212EB321CD0F2A0059AA8C /* ImageIib.h in Headers */ = {isa = PBXBuildFile; fileRef = 1C212EB121CD0F2A0059AA8C /* ImageIib.h */; settings = {ATTRIBUTES = (Public, ); }; };
		1C212EC721CD0F5D0059AA8C /* JsonViewModel.swift in Sources */ = {isa = PBXBuildFile; fileRef = 1C212EBB21CD0F5D0059AA8C /* JsonViewModel.swift */; };
		1C212EC821CD0F5D0059AA8C /* FileViewModel.swift in Sources */ = {isa = PBXBuildFile; fileRef = 1C212EBC21CD0F5D0059AA8C /* FileViewModel.swift */; };
		1C212EC921CD0F5D0059AA8C /* ImageViewModel.swift in Sources */ = {isa = PBXBuildFile; fileRef = 1C212EBD21CD0F5D0059AA8C /* ImageViewModel.swift */; };
		1C212ECA21CD0F5D0059AA8C /* CacheManager.swift in Sources */ = {isa = PBXBuildFile; fileRef = 1C212EBF21CD0F5D0059AA8C /* CacheManager.swift */; };
		1C212ECB21CD0F5D0059AA8C /* Downloader.swift in Sources */ = {isa = PBXBuildFile; fileRef = 1C212EC121CD0F5D0059AA8C /* Downloader.swift */; };
		1C212ECC21CD0F5D0059AA8C /* DataType.swift in Sources */ = {isa = PBXBuildFile; fileRef = 1C212EC321CD0F5D0059AA8C /* DataType.swift */; };
		1C212ECE21CD0F5D0059AA8C /* API.swift in Sources */ = {isa = PBXBuildFile; fileRef = 1C212EC621CD0F5D0059AA8C /* API.swift */; };
		1C212ED421CD13BB0059AA8C /* MindVL.swift in Sources */ = {isa = PBXBuildFile; fileRef = 1C212ED321CD13BB0059AA8C /* MindVL.swift */; };
		5C4A5FA9B7D3C72BB80A9F2E /* Pods_ImageIib.framework in Frameworks */ = {isa = PBXBuildFile; fileRef = 3E3CDD80B606F402CAE62ACB /* Pods_ImageIib.framework */; };
/* End PBXBuildFile section */

/* Begin PBXFileReference section */
		1C212EAE21CD0F2A0059AA8C /* ImageIib.framework */ = {isa = PBXFileReference; explicitFileType = wrapper.framework; includeInIndex = 0; path = ImageIib.framework; sourceTree = BUILT_PRODUCTS_DIR; };
		1C212EB121CD0F2A0059AA8C /* ImageIib.h */ = {isa = PBXFileReference; lastKnownFileType = sourcecode.c.h; path = ImageIib.h; sourceTree = "<group>"; };
		1C212EB221CD0F2A0059AA8C /* Info.plist */ = {isa = PBXFileReference; lastKnownFileType = text.plist.xml; path = Info.plist; sourceTree = "<group>"; };
		1C212EBB21CD0F5D0059AA8C /* JsonViewModel.swift */ = {isa = PBXFileReference; fileEncoding = 4; lastKnownFileType = sourcecode.swift; path = JsonViewModel.swift; sourceTree = "<group>"; };
		1C212EBC21CD0F5D0059AA8C /* FileViewModel.swift */ = {isa = PBXFileReference; fileEncoding = 4; lastKnownFileType = sourcecode.swift; path = FileViewModel.swift; sourceTree = "<group>"; };
		1C212EBD21CD0F5D0059AA8C /* ImageViewModel.swift */ = {isa = PBXFileReference; fileEncoding = 4; lastKnownFileType = sourcecode.swift; path = ImageViewModel.swift; sourceTree = "<group>"; };
		1C212EBF21CD0F5D0059AA8C /* CacheManager.swift */ = {isa = PBXFileReference; fileEncoding = 4; lastKnownFileType = sourcecode.swift; path = CacheManager.swift; sourceTree = "<group>"; };
		1C212EC121CD0F5D0059AA8C /* Downloader.swift */ = {isa = PBXFileReference; fileEncoding = 4; lastKnownFileType = sourcecode.swift; path = Downloader.swift; sourceTree = "<group>"; };
		1C212EC321CD0F5D0059AA8C /* DataType.swift */ = {isa = PBXFileReference; fileEncoding = 4; lastKnownFileType = sourcecode.swift; path = DataType.swift; sourceTree = "<group>"; };
		1C212EC621CD0F5D0059AA8C /* API.swift */ = {isa = PBXFileReference; fileEncoding = 4; lastKnownFileType = sourcecode.swift; path = API.swift; sourceTree = "<group>"; };
		1C212ED321CD13BB0059AA8C /* MindVL.swift */ = {isa = PBXFileReference; fileEncoding = 4; lastKnownFileType = sourcecode.swift; path = MindVL.swift; sourceTree = "<group>"; };
		3BC7306838457DE4E9C08FC2 /* Pods-ImageIib.release.xcconfig */ = {isa = PBXFileReference; includeInIndex = 1; lastKnownFileType = text.xcconfig; name = "Pods-ImageIib.release.xcconfig"; path = "Pods/Target Support Files/Pods-ImageIib/Pods-ImageIib.release.xcconfig"; sourceTree = "<group>"; };
		3E3CDD80B606F402CAE62ACB /* Pods_ImageIib.framework */ = {isa = PBXFileReference; explicitFileType = wrapper.framework; includeInIndex = 0; path = Pods_ImageIib.framework; sourceTree = BUILT_PRODUCTS_DIR; };
		96BD97D527CCABB9F57EC9C7 /* Pods-ImageIib.debug.xcconfig */ = {isa = PBXFileReference; includeInIndex = 1; lastKnownFileType = text.xcconfig; name = "Pods-ImageIib.debug.xcconfig"; path = "Pods/Target Support Files/Pods-ImageIib/Pods-ImageIib.debug.xcconfig"; sourceTree = "<group>"; };
/* End PBXFileReference section */

/* Begin PBXFrameworksBuildPhase section */
		1C212EAB21CD0F2A0059AA8C /* Frameworks */ = {
			isa = PBXFrameworksBuildPhase;
			buildActionMask = 2147483647;
			files = (
				5C4A5FA9B7D3C72BB80A9F2E /* Pods_ImageIib.framework in Frameworks */,
			);
			runOnlyForDeploymentPostprocessing = 0;
		};
/* End PBXFrameworksBuildPhase section */

/* Begin PBXGroup section */
		1C212EA421CD0F2A0059AA8C = {
			isa = PBXGroup;
			children = (
				1C212EB021CD0F2A0059AA8C /* ImageIib */,
				1C212EAF21CD0F2A0059AA8C /* Products */,
				70B792F3199C3E64C3D4758B /* Pods */,
				7E6C5700708E50103461DF83 /* Frameworks */,
			);
			sourceTree = "<group>";
		};
		1C212EAF21CD0F2A0059AA8C /* Products */ = {
			isa = PBXGroup;
			children = (
				1C212EAE21CD0F2A0059AA8C /* ImageIib.framework */,
			);
			name = Products;
			sourceTree = "<group>";
		};
		1C212EB021CD0F2A0059AA8C /* ImageIib */ = {
			isa = PBXGroup;
			children = (
				1C212EB921CD0F5D0059AA8C /* Library */,
				1C212EB121CD0F2A0059AA8C /* ImageIib.h */,
				1C212ED321CD13BB0059AA8C /* MindVL.swift */,
				1C212EB221CD0F2A0059AA8C /* Info.plist */,
			);
			path = ImageIib;
			sourceTree = "<group>";
		};
		1C212EB921CD0F5D0059AA8C /* Library */ = {
			isa = PBXGroup;
			children = (
				1C212EBA21CD0F5D0059AA8C /* ViewModel */,
				1C212EBE21CD0F5D0059AA8C /* CacheManager */,
				1C212EC021CD0F5D0059AA8C /* Network */,
				1C212EC221CD0F5D0059AA8C /* Utilities */,
				1C212EC521CD0F5D0059AA8C /* API */,
			);
			path = Library;
			sourceTree = "<group>";
		};
		1C212EBA21CD0F5D0059AA8C /* ViewModel */ = {
			isa = PBXGroup;
			children = (
				1C212EBB21CD0F5D0059AA8C /* JsonViewModel.swift */,
				1C212EBC21CD0F5D0059AA8C /* FileViewModel.swift */,
				1C212EBD21CD0F5D0059AA8C /* ImageViewModel.swift */,
			);
			path = ViewModel;
			sourceTree = "<group>";
		};
		1C212EBE21CD0F5D0059AA8C /* CacheManager */ = {
			isa = PBXGroup;
			children = (
				1C212EBF21CD0F5D0059AA8C /* CacheManager.swift */,
			);
			path = CacheManager;
			sourceTree = "<group>";
		};
		1C212EC021CD0F5D0059AA8C /* Network */ = {
			isa = PBXGroup;
			children = (
				1C212EC121CD0F5D0059AA8C /* Downloader.swift */,
			);
			path = Network;
			sourceTree = "<group>";
		};
		1C212EC221CD0F5D0059AA8C /* Utilities */ = {
			isa = PBXGroup;
			children = (
				1C212EC321CD0F5D0059AA8C /* DataType.swift */,
			);
			path = Utilities;
			sourceTree = "<group>";
		};
		1C212EC521CD0F5D0059AA8C /* API */ = {
			isa = PBXGroup;
			children = (
				1C212EC621CD0F5D0059AA8C /* API.swift */,
			);
			path = API;
			sourceTree = "<group>";
		};
		70B792F3199C3E64C3D4758B /* Pods */ = {
			isa = PBXGroup;
			children = (
				96BD97D527CCABB9F57EC9C7 /* Pods-ImageIib.debug.xcconfig */,
				3BC7306838457DE4E9C08FC2 /* Pods-ImageIib.release.xcconfig */,
			);
			name = Pods;
			sourceTree = "<group>";
		};
		7E6C5700708E50103461DF83 /* Frameworks */ = {
			isa = PBXGroup;
			children = (
				3E3CDD80B606F402CAE62ACB /* Pods_ImageIib.framework */,
			);
			name = Frameworks;
			sourceTree = "<group>";
		};
/* End PBXGroup section */

/* Begin PBXHeadersBuildPhase section */
		1C212EA921CD0F2A0059AA8C /* Headers */ = {
			isa = PBXHeadersBuildPhase;
			buildActionMask = 2147483647;
			files = (
				1C212EB321CD0F2A0059AA8C /* ImageIib.h in Headers */,
			);
			runOnlyForDeploymentPostprocessing = 0;
		};
/* End PBXHeadersBuildPhase section */

/* Begin PBXNativeTarget section */
		1C212EAD21CD0F2A0059AA8C /* ImageIib */ = {
			isa = PBXNativeTarget;
			buildConfigurationList = 1C212EB621CD0F2A0059AA8C /* Build configuration list for PBXNativeTarget "ImageIib" */;
			buildPhases = (
				09CDE4B932136E8FD3855C1F /* [CP] Check Pods Manifest.lock */,
				1C212EA921CD0F2A0059AA8C /* Headers */,
				1C212EAA21CD0F2A0059AA8C /* Sources */,
				1C212EAB21CD0F2A0059AA8C /* Frameworks */,
				1C212EAC21CD0F2A0059AA8C /* Resources */,
			);
			buildRules = (
			);
			dependencies = (
			);
			name = ImageIib;
			productName = ImageIib;
			productReference = 1C212EAE21CD0F2A0059AA8C /* ImageIib.framework */;
			productType = "com.apple.product-type.framework";
		};
/* End PBXNativeTarget section */

/* Begin PBXProject section */
		1C212EA521CD0F2A0059AA8C /* Project object */ = {
			isa = PBXProject;
			attributes = {
				LastUpgradeCheck = 1000;
				ORGANIZATIONNAME = Danish;
				TargetAttributes = {
					1C212EAD21CD0F2A0059AA8C = {
						CreatedOnToolsVersion = 10.0;
					};
				};
			};
			buildConfigurationList = 1C212EA821CD0F2A0059AA8C /* Build configuration list for PBXProject "ImageIib" */;
			compatibilityVersion = "Xcode 9.3";
			developmentRegion = en;
			hasScannedForEncodings = 0;
			knownRegions = (
				en,
			);
			mainGroup = 1C212EA421CD0F2A0059AA8C;
			productRefGroup = 1C212EAF21CD0F2A0059AA8C /* Products */;
			projectDirPath = "";
			projectRoot = "";
			targets = (
				1C212EAD21CD0F2A0059AA8C /* ImageIib */,
			);
		};
/* End PBXProject section */

/* Begin PBXResourcesBuildPhase section */
		1C212EAC21CD0F2A0059AA8C /* Resources */ = {
			isa = PBXResourcesBuildPhase;
			buildActionMask = 2147483647;
			files = (
			);
			runOnlyForDeploymentPostprocessing = 0;
		};
/* End PBXResourcesBuildPhase section */

/* Begin PBXShellScriptBuildPhase section */
		09CDE4B932136E8FD3855C1F /* [CP] Check Pods Manifest.lock */ = {
			isa = PBXShellScriptBuildPhase;
			buildActionMask = 2147483647;
			files = (
			);
			inputFileListPaths = (
			);
			inputPaths = (
				"${PODS_PODFILE_DIR_PATH}/Podfile.lock",
				"${PODS_ROOT}/Manifest.lock",
			);
			name = "[CP] Check Pods Manifest.lock";
			outputFileListPaths = (
			);
			outputPaths = (
				"$(DERIVED_FILE_DIR)/Pods-ImageIib-checkManifestLockResult.txt",
			);
			runOnlyForDeploymentPostprocessing = 0;
			shellPath = /bin/sh;
			shellScript = "diff \"${PODS_PODFILE_DIR_PATH}/Podfile.lock\" \"${PODS_ROOT}/Manifest.lock\" > /dev/null\nif [ $? != 0 ] ; then\n    # print error to STDERR\n    echo \"error: The sandbox is not in sync with the Podfile.lock. Run 'pod install' or update your CocoaPods installation.\" >&2\n    exit 1\nfi\n# This output is used by Xcode 'outputs' to avoid re-running this script phase.\necho \"SUCCESS\" > \"${SCRIPT_OUTPUT_FILE_0}\"\n";
			showEnvVarsInLog = 0;
		};
/* End PBXShellScriptBuildPhase section */

/* Begin PBXSourcesBuildPhase section */
		1C212EAA21CD0F2A0059AA8C /* Sources */ = {
			isa = PBXSourcesBuildPhase;
			buildActionMask = 2147483647;
			files = (
				1C212ECB21CD0F5D0059AA8C /* Downloader.swift in Sources */,
				1C212ED421CD13BB0059AA8C /* MindVL.swift in Sources */,
				1C212ECC21CD0F5D0059AA8C /* DataType.swift in Sources */,
				1C212ECA21CD0F5D0059AA8C /* CacheManager.swift in Sources */,
				1C212EC921CD0F5D0059AA8C /* ImageViewModel.swift in Sources */,
				1C212EC821CD0F5D0059AA8C /* FileViewModel.swift in Sources */,
				1C212ECE21CD0F5D0059AA8C /* API.swift in Sources */,
				1C212EC721CD0F5D0059AA8C /* JsonViewModel.swift in Sources */,
			);
			runOnlyForDeploymentPostprocessing = 0;
		};
/* End PBXSourcesBuildPhase section */

/* Begin XCBuildConfiguration section */
		1C212EB421CD0F2A0059AA8C /* Debug */ = {
			isa = XCBuildConfiguration;
			buildSettings = {
				ALWAYS_SEARCH_USER_PATHS = NO;
				CLANG_ANALYZER_NONNULL = YES;
				CLANG_ANALYZER_NUMBER_OBJECT_CONVERSION = YES_AGGRESSIVE;
				CLANG_CXX_LANGUAGE_STANDARD = "gnu++14";
				CLANG_CXX_LIBRARY = "libc++";
				CLANG_ENABLE_MODULES = YES;
				CLANG_ENABLE_OBJC_ARC = YES;
				CLANG_ENABLE_OBJC_WEAK = YES;
				CLANG_WARN_BLOCK_CAPTURE_AUTORELEASING = YES;
				CLANG_WARN_BOOL_CONVERSION = YES;
				CLANG_WARN_COMMA = YES;
				CLANG_WARN_CONSTANT_CONVERSION = YES;
				CLANG_WARN_DEPRECATED_OBJC_IMPLEMENTATIONS = YES;
				CLANG_WARN_DIRECT_OBJC_ISA_USAGE = YES_ERROR;
				CLANG_WARN_DOCUMENTATION_COMMENTS = YES;
				CLANG_WARN_EMPTY_BODY = YES;
				CLANG_WARN_ENUM_CONVERSION = YES;
				CLANG_WARN_INFINITE_RECURSION = YES;
				CLANG_WARN_INT_CONVERSION = YES;
				CLANG_WARN_NON_LITERAL_NULL_CONVERSION = YES;
				CLANG_WARN_OBJC_IMPLICIT_RETAIN_SELF = YES;
				CLANG_WARN_OBJC_LITERAL_CONVERSION = YES;
				CLANG_WARN_OBJC_ROOT_CLASS = YES_ERROR;
				CLANG_WARN_RANGE_LOOP_ANALYSIS = YES;
				CLANG_WARN_STRICT_PROTOTYPES = YES;
				CLANG_WARN_SUSPICIOUS_MOVE = YES;
				CLANG_WARN_UNGUARDED_AVAILABILITY = YES_AGGRESSIVE;
				CLANG_WARN_UNREACHABLE_CODE = YES;
				CLANG_WARN__DUPLICATE_METHOD_MATCH = YES;
				CODE_SIGN_IDENTITY = "iPhone Developer";
				COPY_PHASE_STRIP = NO;
				CURRENT_PROJECT_VERSION = 1;
				DEBUG_INFORMATION_FORMAT = dwarf;
				ENABLE_STRICT_OBJC_MSGSEND = YES;
				ENABLE_TESTABILITY = YES;
				GCC_C_LANGUAGE_STANDARD = gnu11;
				GCC_DYNAMIC_NO_PIC = NO;
				GCC_NO_COMMON_BLOCKS = YES;
				GCC_OPTIMIZATION_LEVEL = 0;
				GCC_PREPROCESSOR_DEFINITIONS = (
					"DEBUG=1",
					"$(inherited)",
				);
				GCC_WARN_64_TO_32_BIT_CONVERSION = YES;
				GCC_WARN_ABOUT_RETURN_TYPE = YES_ERROR;
				GCC_WARN_UNDECLARED_SELECTOR = YES;
				GCC_WARN_UNINITIALIZED_AUTOS = YES_AGGRESSIVE;
				GCC_WARN_UNUSED_FUNCTION = YES;
				GCC_WARN_UNUSED_VARIABLE = YES;
				IPHONEOS_DEPLOYMENT_TARGET = 12.0;
				MTL_ENABLE_DEBUG_INFO = INCLUDE_SOURCE;
				MTL_FAST_MATH = YES;
				ONLY_ACTIVE_ARCH = YES;
				SDKROOT = iphoneos;
				SWIFT_ACTIVE_COMPILATION_CONDITIONS = DEBUG;
				SWIFT_OPTIMIZATION_LEVEL = "-Onone";
				VERSIONING_SYSTEM = "apple-generic";
				VERSION_INFO_PREFIX = "";
			};
			name = Debug;
		};
		1C212EB521CD0F2A0059AA8C /* Release */ = {
			isa = XCBuildConfiguration;
			buildSettings = {
				ALWAYS_SEARCH_USER_PATHS = NO;
				CLANG_ANALYZER_NONNULL = YES;
				CLANG_ANALYZER_NUMBER_OBJECT_CONVERSION = YES_AGGRESSIVE;
				CLANG_CXX_LANGUAGE_STANDARD = "gnu++14";
				CLANG_CXX_LIBRARY = "libc++";
				CLANG_ENABLE_MODULES = YES;
				CLANG_ENABLE_OBJC_ARC = YES;
				CLANG_ENABLE_OBJC_WEAK = YES;
				CLANG_WARN_BLOCK_CAPTURE_AUTORELEASING = YES;
				CLANG_WARN_BOOL_CONVERSION = YES;
				CLANG_WARN_COMMA = YES;
				CLANG_WARN_CONSTANT_CONVERSION = YES;
				CLANG_WARN_DEPRECATED_OBJC_IMPLEMENTATIONS = YES;
				CLANG_WARN_DIRECT_OBJC_ISA_USAGE = YES_ERROR;
				CLANG_WARN_DOCUMENTATION_COMMENTS = YES;
				CLANG_WARN_EMPTY_BODY = YES;
				CLANG_WARN_ENUM_CONVERSION = YES;
				CLANG_WARN_INFINITE_RECURSION = YES;
				CLANG_WARN_INT_CONVERSION = YES;
				CLANG_WARN_NON_LITERAL_NULL_CONVERSION = YES;
				CLANG_WARN_OBJC_IMPLICIT_RETAIN_SELF = YES;
				CLANG_WARN_OBJC_LITERAL_CONVERSION = YES;
				CLANG_WARN_OBJC_ROOT_CLASS = YES_ERROR;
				CLANG_WARN_RANGE_LOOP_ANALYSIS = YES;
				CLANG_WARN_STRICT_PROTOTYPES = YES;
				CLANG_WARN_SUSPICIOUS_MOVE = YES;
				CLANG_WARN_UNGUARDED_AVAILABILITY = YES_AGGRESSIVE;
				CLANG_WARN_UNREACHABLE_CODE = YES;
				CLANG_WARN__DUPLICATE_METHOD_MATCH = YES;
				CODE_SIGN_IDENTITY = "iPhone Developer";
				COPY_PHASE_STRIP = NO;
				CURRENT_PROJECT_VERSION = 1;
				DEBUG_INFORMATION_FORMAT = "dwarf-with-dsym";
				ENABLE_NS_ASSERTIONS = NO;
				ENABLE_STRICT_OBJC_MSGSEND = YES;
				GCC_C_LANGUAGE_STANDARD = gnu11;
				GCC_NO_COMMON_BLOCKS = YES;
				GCC_WARN_64_TO_32_BIT_CONVERSION = YES;
				GCC_WARN_ABOUT_RETURN_TYPE = YES_ERROR;
				GCC_WARN_UNDECLARED_SELECTOR = YES;
				GCC_WARN_UNINITIALIZED_AUTOS = YES_AGGRESSIVE;
				GCC_WARN_UNUSED_FUNCTION = YES;
				GCC_WARN_UNUSED_VARIABLE = YES;
				IPHONEOS_DEPLOYMENT_TARGET = 12.0;
				MTL_ENABLE_DEBUG_INFO = NO;
				MTL_FAST_MATH = YES;
				SDKROOT = iphoneos;
				SWIFT_COMPILATION_MODE = wholemodule;
				SWIFT_OPTIMIZATION_LEVEL = "-O";
				VALIDATE_PRODUCT = YES;
				VERSIONING_SYSTEM = "apple-generic";
				VERSION_INFO_PREFIX = "";
			};
			name = Release;
		};
		1C212EB721CD0F2A0059AA8C /* Debug */ = {
			isa = XCBuildConfiguration;
			baseConfigurationReference = 96BD97D527CCABB9F57EC9C7 /* Pods-ImageIib.debug.xcconfig */;
			buildSettings = {
				CODE_SIGN_IDENTITY = "";
				CODE_SIGN_STYLE = Automatic;
				DEFINES_MODULE = YES;
				DYLIB_COMPATIBILITY_VERSION = 1;
				DYLIB_CURRENT_VERSION = 1;
				DYLIB_INSTALL_NAME_BASE = "@rpath";
				INFOPLIST_FILE = ImageIib/Info.plist;
				INSTALL_PATH = "$(LOCAL_LIBRARY_DIR)/Frameworks";
				IPHONEOS_DEPLOYMENT_TARGET = 9.0;
				LD_RUNPATH_SEARCH_PATHS = (
					"$(inherited)",
					"@executable_path/Frameworks",
					"@loader_path/Frameworks",
				);
				PRODUCT_BUNDLE_IDENTIFIER = rxswift.com.ImageIib;
				PRODUCT_NAME = "$(TARGET_NAME:c99extidentifier)";
				SKIP_INSTALL = YES;
				SWIFT_VERSION = 4.2;
				TARGETED_DEVICE_FAMILY = "1,2";
			};
			name = Debug;
		};
		1C212EB821CD0F2A0059AA8C /* Release */ = {
			isa = XCBuildConfiguration;
			baseConfigurationReference = 3BC7306838457DE4E9C08FC2 /* Pods-ImageIib.release.xcconfig */;
			buildSettings = {
				CODE_SIGN_IDENTITY = "";
				CODE_SIGN_STYLE = Automatic;
				DEFINES_MODULE = YES;
				DYLIB_COMPATIBILITY_VERSION = 1;
				DYLIB_CURRENT_VERSION = 1;
				DYLIB_INSTALL_NAME_BASE = "@rpath";
				INFOPLIST_FILE = ImageIib/Info.plist;
				INSTALL_PATH = "$(LOCAL_LIBRARY_DIR)/Frameworks";
				IPHONEOS_DEPLOYMENT_TARGET = 9.0;
				LD_RUNPATH_SEARCH_PATHS = (
					"$(inherited)",
					"@executable_path/Frameworks",
					"@loader_path/Frameworks",
				);
				PRODUCT_BUNDLE_IDENTIFIER = rxswift.com.ImageIib;
				PRODUCT_NAME = "$(TARGET_NAME:c99extidentifier)";
				SKIP_INSTALL = YES;
				SWIFT_VERSION = 4.2;
				TARGETED_DEVICE_FAMILY = "1,2";
			};
			name = Release;
		};
/* End XCBuildConfiguration section */

/* Begin XCConfigurationList section */
		1C212EA821CD0F2A0059AA8C /* Build configuration list for PBXProject "ImageIib" */ = {
			isa = XCConfigurationList;
			buildConfigurations = (
				1C212EB421CD0F2A0059AA8C /* Debug */,
				1C212EB521CD0F2A0059AA8C /* Release */,
			);
			defaultConfigurationIsVisible = 0;
			defaultConfigurationName = Release;
		};
		1C212EB621CD0F2A0059AA8C /* Build configuration list for PBXNativeTarget "ImageIib" */ = {
			isa = XCConfigurationList;
			buildConfigurations = (
				1C212EB721CD0F2A0059AA8C /* Debug */,
				1C212EB821CD0F2A0059AA8C /* Release */,
			);
			defaultConfigurationIsVisible = 0;
			defaultConfigurationName = Release;
		};
/* End XCConfigurationList section */
	};
	rootObject = 1C212EA521CD0F2A0059AA8C /* Project object */;
}
